<Solution>
  <Folder Name="/src/">
    <Project Path="src/LeagueManager.Application/LeagueManager.Application.csproj" />
    <Project Path="src/LeagueManager.Domain/LeagueManager.Domain.csproj" />
    <Project Path="src/LeagueManager.Infrastructure/LeagueManager.Infrastructure.csproj" />
    <Project Path="src/LeagueManager.Persistence/LeagueManager.Persistence.csproj" />
    <Project Path="src/LeagueManager.Presentation/LeagueManager.Presentation.csproj" />
    <Project Path="src\LeagueManager.WebApi\LeagueManager.WebApi.csproj" Type="Classic C#" />
  </Folder>
</Solution>